
Microsoft Visual Studio Solution File, Format Version 12.00
# Visual Studio Version 17
VisualStudioVersion = 17.10.35013.160
MinimumVisualStudioVersion = 10.0.40219.1
Project("{FAE04EC0-301F-11D3-BF4B-00C04F79EFBC}") = "SignalRTrial", "SignalRTrial\SignalRTrial.csproj", "{97D14B9A-168B-489E-9599-EE6D8D5518AF}"
EndProject
Global
	GlobalSection(SolutionConfigurationPlatforms) = preSolution
		Debug|Any CPU = Debug|Any CPU
		Release|Any CPU = Release|Any CPU
	EndGlobalSection
	GlobalSection(ProjectConfigurationPlatforms) = postSolution
		{97D14B9A-168B-489E-9599-EE6D8D5518AF}.Debug|Any CPU.ActiveCfg = Debug|Any CPU
		{97D14B9A-168B-489E-9599-EE6D8D5518AF}.Debug|Any CPU.Build.0 = Debug|Any CPU
		{97D14B9A-168B-489E-9599-EE6D8D5518AF}.Release|Any CPU.ActiveCfg = Release|Any CPU
		{97D14B9A-168B-489E-9599-EE6D8D5518AF}.Release|Any CPU.Build.0 = Release|Any CPU
	EndGlobalSection
	GlobalSection(SolutionProperties) = preSolution
		HideSolutionNode = FALSE
	EndGlobalSection
	GlobalSection(ExtensibilityGlobals) = postSolution
		SolutionGuid = {637EC09D-28A4-48A0-9C6F-3388736BC874}
	EndGlobalSection
EndGlobal
